
Microsoft Visual Studio Solution File, Format Version 12.00
# Visual Studio Version 16
VisualStudioVersion = 16.0.29326.143
MinimumVisualStudioVersion = 10.0.40219.1
Project("{8BC9CEB8-8B4A-11D0-8D11-00A0C91BC942}") = "struct PROJECT", "struct PROJECT\struct PROJECT.vcxproj", "{519AACE7-D7AA-45C0-B79C-8A6D1BC5F0DA}"
EndProject
Global
	GlobalSection(SolutionConfigurationPlatforms) = preSolution
		Debug|x64 = Debug|x64
		Debug|x86 = Debug|x86
		Release|x64 = Release|x64
		Release|x86 = Release|x86
	EndGlobalSection
	GlobalSection(ProjectConfigurationPlatforms) = postSolution
		{519AACE7-D7AA-45C0-B79C-8A6D1BC5F0DA}.Debug|x64.ActiveCfg = Debug|x64
		{519AACE7-D7AA-45C0-B79C-8A6D1BC5F0DA}.Debug|x64.Build.0 = Debug|x64
		{519AACE7-D7AA-45C0-B79C-8A6D1BC5F0DA}.Debug|x86.ActiveCfg = Debug|Win32
		{519AACE7-D7AA-45C0-B79C-8A6D1BC5F0DA}.Debug|x86.Build.0 = Debug|Win32
		{519AACE7-D7AA-45C0-B79C-8A6D1BC5F0DA}.Release|x64.ActiveCfg = Release|x64
		{519AACE7-D7AA-45C0-B79C-8A6D1BC5F0DA}.Release|x64.Build.0 = Release|x64
		{519AACE7-D7AA-45C0-B79C-8A6D1BC5F0DA}.Release|x86.ActiveCfg = Release|Win32
		{519AACE7-D7AA-45C0-B79C-8A6D1BC5F0DA}.Release|x86.Build.0 = Release|Win32
	EndGlobalSection
	GlobalSection(SolutionProperties) = preSolution
		HideSolutionNode = FALSE
	EndGlobalSection
	GlobalSection(ExtensibilityGlobals) = postSolution
		SolutionGuid = {337A8385-28A9-4047-BBFF-B78747505506}
	EndGlobalSection
EndGlobal
